// !$*UTF8*$!
{
	archiveVersion = 1;
	classes = {
	};
	objectVersion = 46;
	objects = {

/* Begin PBXBuildFile section */
		425164FF1C36541800D5227F /* AppDelegate.swift in Sources */ = {isa = PBXBuildFile; fileRef = 425164FE1C36541800D5227F /* AppDelegate.swift */; };
		425165011C36541800D5227F /* ViewController.swift in Sources */ = {isa = PBXBuildFile; fileRef = 425165001C36541800D5227F /* ViewController.swift */; };
		425165041C36541800D5227F /* Main.storyboard in Resources */ = {isa = PBXBuildFile; fileRef = 425165021C36541800D5227F /* Main.storyboard */; };
		425165061C36541800D5227F /* Assets.xcassets in Resources */ = {isa = PBXBuildFile; fileRef = 425165051C36541800D5227F /* Assets.xcassets */; };
		425165091C36541800D5227F /* LaunchScreen.storyboard in Resources */ = {isa = PBXBuildFile; fileRef = 425165071C36541800D5227F /* LaunchScreen.storyboard */; };
		425165111C36544200D5227F /* KWAnimationView.swift in Sources */ = {isa = PBXBuildFile; fileRef = 425165101C36544200D5227F /* KWAnimationView.swift */; };
		428DF2231C391991005A3430 /* KWCircleView.swift in Sources */ = {isa = PBXBuildFile; fileRef = 428DF2221C391991005A3430 /* KWCircleView.swift */; };
/* End PBXBuildFile section */

/* Begin PBXFileReference section */
		425164FB1C36541800D5227F /* testAnimationSwfit.app */ = {isa = PBXFileReference; explicitFileType = wrapper.application; includeInIndex = 0; path = testAnimationSwfit.app; sourceTree = BUILT_PRODUCTS_DIR; };
		425164FE1C36541800D5227F /* AppDelegate.swift */ = {isa = PBXFileReference; lastKnownFileType = sourcecode.swift; path = AppDelegate.swift; sourceTree = "<group>"; };
		425165001C36541800D5227F /* ViewController.swift */ = {isa = PBXFileReference; lastKnownFileType = sourcecode.swift; path = ViewController.swift; sourceTree = "<group>"; };
		425165031C36541800D5227F /* Base */ = {isa = PBXFileReference; lastKnownFileType = file.storyboard; name = Base; path = Base.lproj/Main.storyboard; sourceTree = "<group>"; };
		425165051C36541800D5227F /* Assets.xcassets */ = {isa = PBXFileReference; lastKnownFileType = folder.assetcatalog; path = Assets.xcassets; sourceTree = "<group>"; };
		425165081C36541800D5227F /* Base */ = {isa = PBXFileReference; lastKnownFileType = file.storyboard; name = Base; path = Base.lproj/LaunchScreen.storyboard; sourceTree = "<group>"; };
		4251650A1C36541800D5227F /* Info.plist */ = {isa = PBXFileReference; lastKnownFileType = text.plist.xml; path = Info.plist; sourceTree = "<group>"; };
		425165101C36544200D5227F /* KWAnimationView.swift */ = {isa = PBXFileReference; fileEncoding = 4; lastKnownFileType = sourcecode.swift; path = KWAnimationView.swift; sourceTree = "<group>"; };
		428DF2221C391991005A3430 /* KWCircleView.swift */ = {isa = PBXFileReference; fileEncoding = 4; lastKnownFileType = sourcecode.swift; path = KWCircleView.swift; sourceTree = "<group>"; };
/* End PBXFileReference section */

/* Begin PBXFrameworksBuildPhase section */
		425164F81C36541800D5227F /* Frameworks */ = {
			isa = PBXFrameworksBuildPhase;
			buildActionMask = 2147483647;
			files = (
			);
			runOnlyForDeploymentPostprocessing = 0;
		};
/* End PBXFrameworksBuildPhase section */

/* Begin PBXGroup section */
		425164F21C36541800D5227F = {
			isa = PBXGroup;
			children = (
				425164FD1C36541800D5227F /* testAnimationSwfit */,
				425164FC1C36541800D5227F /* Products */,
			);
			sourceTree = "<group>";
		};
		425164FC1C36541800D5227F /* Products */ = {
			isa = PBXGroup;
			children = (
				425164FB1C36541800D5227F /* testAnimationSwfit.app */,
			);
			name = Products;
			sourceTree = "<group>";
		};
		425164FD1C36541800D5227F /* testAnimationSwfit */ = {
			isa = PBXGroup;
			children = (
				425164FE1C36541800D5227F /* AppDelegate.swift */,
				425165001C36541800D5227F /* ViewController.swift */,
				425165021C36541800D5227F /* Main.storyboard */,
				425165051C36541800D5227F /* Assets.xcassets */,
				425165071C36541800D5227F /* LaunchScreen.storyboard */,
				4251650A1C36541800D5227F /* Info.plist */,
				425165101C36544200D5227F /* KWAnimationView.swift */,
				428DF2221C391991005A3430 /* KWCircleView.swift */,
			);
			path = testAnimationSwfit;
			sourceTree = "<group>";
		};
/* End PBXGroup section */

/* Begin PBXNativeTarget section */
		425164FA1C36541800D5227F /* testAnimationSwfit */ = {
			isa = PBXNativeTarget;
			buildConfigurationList = 4251650D1C36541800D5227F /* Build configuration list for PBXNativeTarget "testAnimationSwfit" */;
			buildPhases = (
				425164F71C36541800D5227F /* Sources */,
				425164F81C36541800D5227F /* Frameworks */,
				425164F91C36541800D5227F /* Resources */,
			);
			buildRules = (
			);
			dependencies = (
			);
			name = testAnimationSwfit;
			productName = testAnimationSwfit;
			productReference = 425164FB1C36541800D5227F /* testAnimationSwfit.app */;
			productType = "com.apple.product-type.application";
		};
/* End PBXNativeTarget section */

/* Begin PBXProject section */
		425164F31C36541800D5227F /* Project object */ = {
			isa = PBXProject;
			attributes = {
				LastSwiftUpdateCheck = 0720;
				LastUpgradeCheck = 0720;
				ORGANIZATIONNAME = "Lich King";
				TargetAttributes = {
					425164FA1C36541800D5227F = {
						CreatedOnToolsVersion = 7.2;
					};
				};
			};
			buildConfigurationList = 425164F61C36541800D5227F /* Build configuration list for PBXProject "testAnimationSwfit" */;
			compatibilityVersion = "Xcode 3.2";
			developmentRegion = English;
			hasScannedForEncodings = 0;
			knownRegions = (
				en,
				Base,
			);
			mainGroup = 425164F21C36541800D5227F;
			productRefGroup = 425164FC1C36541800D5227F /* Products */;
			projectDirPath = "";
			projectRoot = "";
			targets = (
				425164FA1C36541800D5227F /* testAnimationSwfit */,
			);
		};
/* End PBXProject section */

/* Begin PBXResourcesBuildPhase section */
		425164F91C36541800D5227F /* Resources */ = {
			isa = PBXResourcesBuildPhase;
			buildActionMask = 2147483647;
			files = (
				425165091C36541800D5227F /* LaunchScreen.storyboard in Resources */,
				425165061C36541800D5227F /* Assets.xcassets in Resources */,
				425165041C36541800D5227F /* Main.storyboard in Resources */,
			);
			runOnlyForDeploymentPostprocessing = 0;
		};
/* End PBXResourcesBuildPhase section */

/* Begin PBXSourcesBuildPhase section */
		425164F71C36541800D5227F /* Sources */ = {
			isa = PBXSourcesBuildPhase;
			buildActionMask = 2147483647;
			files = (
				428DF2231C391991005A3430 /* KWCircleView.swift in Sources */,
				425165111C36544200D5227F /* KWAnimationView.swift in Sources */,
				425165011C36541800D5227F /* ViewController.swift in Sources */,
				425164FF1C36541800D5227F /* AppDelegate.swift in Sources */,
			);
			runOnlyForDeploymentPostprocessing = 0;
		};
/* End PBXSourcesBuildPhase section */

/* Begin PBXVariantGroup section */
		425165021C36541800D5227F /* Main.storyboard */ = {
			isa = PBXVariantGroup;
			children = (
				425165031C36541800D5227F /* Base */,
			);
			name = Main.storyboard;
			sourceTree = "<group>";
		};
		425165071C36541800D5227F /* LaunchScreen.storyboard */ = {
			isa = PBXVariantGroup;
			children = (
				425165081C36541800D5227F /* Base */,
			);
			name = LaunchScreen.storyboard;
			sourceTree = "<group>";
		};
/* End PBXVariantGroup section */

/* Begin XCBuildConfiguration section */
		4251650B1C36541800D5227F /* Debug */ = {
			isa = XCBuildConfiguration;
			buildSettings = {
				ALWAYS_SEARCH_USER_PATHS = NO;
				CLANG_CXX_LANGUAGE_STANDARD = "gnu++0x";
				CLANG_CXX_LIBRARY = "libc++";
				CLANG_ENABLE_MODULES = YES;
				CLANG_ENABLE_OBJC_ARC = YES;
				CLANG_WARN_BOOL_CONVERSION = YES;
				CLANG_WARN_CONSTANT_CONVERSION = YES;
				CLANG_WARN_DIRECT_OBJC_ISA_USAGE = YES_ERROR;
				CLANG_WARN_EMPTY_BODY = YES;
				CLANG_WARN_ENUM_CONVERSION = YES;
				CLANG_WARN_INT_CONVERSION = YES;
				CLANG_WARN_OBJC_ROOT_CLASS = YES_ERROR;
				CLANG_WARN_UNREACHABLE_CODE = YES;
				CLANG_WARN__DUPLICATE_METHOD_MATCH = YES;
				"CODE_SIGN_IDENTITY[sdk=iphoneos*]" = "iPhone Developer";
				COPY_PHASE_STRIP = NO;
				DEBUG_INFORMATION_FORMAT = dwarf;
				ENABLE_STRICT_OBJC_MSGSEND = YES;
				ENABLE_TESTABILITY = YES;
				GCC_C_LANGUAGE_STANDARD = gnu99;
				GCC_DYNAMIC_NO_PIC = NO;
				GCC_NO_COMMON_BLOCKS = YES;
				GCC_OPTIMIZATION_LEVEL = 0;
				GCC_PREPROCESSOR_DEFINITIONS = (
					"DEBUG=1",
					"$(inherited)",
				);
				GCC_WARN_64_TO_32_BIT_CONVERSION = YES;
				GCC_WARN_ABOUT_RETURN_TYPE = YES_ERROR;
				GCC_WARN_UNDECLARED_SELECTOR = YES;
				GCC_WARN_UNINITIALIZED_AUTOS = YES_AGGRESSIVE;
				GCC_WARN_UNUSED_FUNCTION = YES;
				GCC_WARN_UNUSED_VARIABLE = YES;
				IPHONEOS_DEPLOYMENT_TARGET = 9.2;
				MTL_ENABLE_DEBUG_INFO = YES;
				ONLY_ACTIVE_ARCH = YES;
				SDKROOT = iphoneos;
				SWIFT_OPTIMIZATION_LEVEL = "-Onone";
			};
			name = Debug;
		};
		4251650C1C36541800D5227F /* Release */ = {
			isa = XCBuildConfiguration;
			buildSettings = {
				ALWAYS_SEARCH_USER_PATHS = NO;
				CLANG_CXX_LANGUAGE_STANDARD = "gnu++0x";
				CLANG_CXX_LIBRARY = "libc++";
				CLANG_ENABLE_MODULES = YES;
				CLANG_ENABLE_OBJC_ARC = YES;
				CLANG_WARN_BOOL_CONVERSION = YES;
				CLANG_WARN_CONSTANT_CONVERSION = YES;
				CLANG_WARN_DIRECT_OBJC_ISA_USAGE = YES_ERROR;
				CLANG_WARN_EMPTY_BODY = YES;
				CLANG_WARN_ENUM_CONVERSION = YES;
				CLANG_WARN_INT_CONVERSION = YES;
				CLANG_WARN_OBJC_ROOT_CLASS = YES_ERROR;
				CLANG_WARN_UNREACHABLE_CODE = YES;
				CLANG_WARN__DUPLICATE_METHOD_MATCH = YES;
				"CODE_SIGN_IDENTITY[sdk=iphoneos*]" = "iPhone Developer";
				COPY_PHASE_STRIP = NO;
				DEBUG_INFORMATION_FORMAT = "dwarf-with-dsym";
				ENABLE_NS_ASSERTIONS = NO;
				ENABLE_STRICT_OBJC_MSGSEND = YES;
				GCC_C_LANGUAGE_STANDARD = gnu99;
				GCC_NO_COMMON_BLOCKS = YES;
				GCC_WARN_64_TO_32_BIT_CONVERSION = YES;
				GCC_WARN_ABOUT_RETURN_TYPE = YES_ERROR;
				GCC_WARN_UNDECLARED_SELECTOR = YES;
				GCC_WARN_UNINITIALIZED_AUTOS = YES_AGGRESSIVE;
				GCC_WARN_UNUSED_FUNCTION = YES;
				GCC_WARN_UNUSED_VARIABLE = YES;
				IPHONEOS_DEPLOYMENT_TARGET = 9.2;
				MTL_ENABLE_DEBUG_INFO = NO;
				SDKROOT = iphoneos;
				VALIDATE_PRODUCT = YES;
			};
			name = Release;
		};
		4251650E1C36541800D5227F /* Debug */ = {
			isa = XCBuildConfiguration;
			buildSettings = {
				ASSETCATALOG_COMPILER_APPICON_NAME = AppIcon;
				INFOPLIST_FILE = testAnimationSwfit/Info.plist;
				LD_RUNPATH_SEARCH_PATHS = "$(inherited) @executable_path/Frameworks";
				PRODUCT_BUNDLE_IDENTIFIER = gege.testAnimationSwfit;
				PRODUCT_NAME = "$(TARGET_NAME)";
			};
			name = Debug;
		};
		4251650F1C36541800D5227F /* Release */ = {
			isa = XCBuildConfiguration;
			buildSettings = {
				ASSETCATALOG_COMPILER_APPICON_NAME = AppIcon;
				INFOPLIST_FILE = testAnimationSwfit/Info.plist;
				LD_RUNPATH_SEARCH_PATHS = "$(inherited) @executable_path/Frameworks";
				PRODUCT_BUNDLE_IDENTIFIER = gege.testAnimationSwfit;
				PRODUCT_NAME = "$(TARGET_NAME)";
			};
			name = Release;
		};
/* End XCBuildConfiguration section */

/* Begin XCConfigurationList section */
		425164F61C36541800D5227F /* Build configuration list for PBXProject "testAnimationSwfit" */ = {
			isa = XCConfigurationList;
			buildConfigurations = (
				4251650B1C36541800D5227F /* Debug */,
				4251650C1C36541800D5227F /* Release */,
			);
			defaultConfigurationIsVisible = 0;
			defaultConfigurationName = Release;
		};
		4251650D1C36541800D5227F /* Build configuration list for PBXNativeTarget "testAnimationSwfit" */ = {
			isa = XCConfigurationList;
			buildConfigurations = (
				4251650E1C36541800D5227F /* Debug */,
				4251650F1C36541800D5227F /* Release */,
			);
			defaultConfigurationIsVisible = 0;
			defaultConfigurationName = Release;
		};
/* End XCConfigurationList section */
	};
	rootObject = 425164F31C36541800D5227F /* Project object */;
}
